
Microsoft Visual Studio Solution File, Format Version 12.00
# Visual Studio Version 17
VisualStudioVersion = 17.0.31903.59
MinimumVisualStudioVersion = 10.0.40219.1
Project("{2150E333-8FDC-42A3-9474-1A3956D46DE8}") = "Frontend", "Frontend", "{5561165E-558F-4012-B3E1-E8F8445A8FED}"
EndProject
Project("{2150E333-8FDC-42A3-9474-1A3956D46DE8}") = "Presentations", "Presentations", "{775B3EE8-F1DA-4EF4-94B2-3C346A8D7B5A}"
EndProject
Project("{FAE04EC0-301F-11D3-BF4B-00C04F79EFBC}") = "JsSPA", "Frontend\Presentations\JsSPA\JsSPA.csproj", "{5817F111-3DFD-41BB-A470-99061111101E}"
EndProject
Project("{2150E333-8FDC-42A3-9474-1A3956D46DE8}") = "Backend", "Backend", "{5CC7F2CB-D2BF-4B90-9AB9-490E3B556694}"
EndProject
Project("{2150E333-8FDC-42A3-9474-1A3956D46DE8}") = "apis", "apis", "{ED883801-C8F6-4F4E-9564-DCC715F7BB54}"
EndProject
Project("{FAE04EC0-301F-11D3-BF4B-00C04F79EFBC}") = "EshopWebApi", "Backend\apis\EshopWebApi\EshopWebApi.csproj", "{8B151B46-2617-4032-A13B-75B042081DC0}"
EndProject
Project("{2150E333-8FDC-42A3-9474-1A3956D46DE8}") = "Core", "Core", "{2369EE37-8178-4D8C-9E97-AE9BDFB2A95F}"
EndProject
Project("{FAE04EC0-301F-11D3-BF4B-00C04F79EFBC}") = "Application", "backend\Core\Application\Application.csproj", "{AC039A8F-CE19-4E61-B74F-C1FA5CECB561}"
EndProject
Project("{FAE04EC0-301F-11D3-BF4B-00C04F79EFBC}") = "Domain", "backend\Core\Domain\Domain.csproj", "{516EEC45-FD11-4779-9339-01CF9C232A25}"
EndProject
Global
	GlobalSection(SolutionConfigurationPlatforms) = preSolution
		Debug|Any CPU = Debug|Any CPU
		Release|Any CPU = Release|Any CPU
	EndGlobalSection
	GlobalSection(SolutionProperties) = preSolution
		HideSolutionNode = FALSE
	EndGlobalSection
	GlobalSection(ProjectConfigurationPlatforms) = postSolution
		{5817F111-3DFD-41BB-A470-99061111101E}.Debug|Any CPU.ActiveCfg = Debug|Any CPU
		{5817F111-3DFD-41BB-A470-99061111101E}.Debug|Any CPU.Build.0 = Debug|Any CPU
		{5817F111-3DFD-41BB-A470-99061111101E}.Release|Any CPU.ActiveCfg = Release|Any CPU
		{5817F111-3DFD-41BB-A470-99061111101E}.Release|Any CPU.Build.0 = Release|Any CPU
		{8B151B46-2617-4032-A13B-75B042081DC0}.Debug|Any CPU.ActiveCfg = Debug|Any CPU
		{8B151B46-2617-4032-A13B-75B042081DC0}.Debug|Any CPU.Build.0 = Debug|Any CPU
		{8B151B46-2617-4032-A13B-75B042081DC0}.Release|Any CPU.ActiveCfg = Release|Any CPU
		{8B151B46-2617-4032-A13B-75B042081DC0}.Release|Any CPU.Build.0 = Release|Any CPU
		{AC039A8F-CE19-4E61-B74F-C1FA5CECB561}.Debug|Any CPU.ActiveCfg = Debug|Any CPU
		{AC039A8F-CE19-4E61-B74F-C1FA5CECB561}.Debug|Any CPU.Build.0 = Debug|Any CPU
		{AC039A8F-CE19-4E61-B74F-C1FA5CECB561}.Release|Any CPU.ActiveCfg = Release|Any CPU
		{AC039A8F-CE19-4E61-B74F-C1FA5CECB561}.Release|Any CPU.Build.0 = Release|Any CPU
		{516EEC45-FD11-4779-9339-01CF9C232A25}.Debug|Any CPU.ActiveCfg = Debug|Any CPU
		{516EEC45-FD11-4779-9339-01CF9C232A25}.Debug|Any CPU.Build.0 = Debug|Any CPU
		{516EEC45-FD11-4779-9339-01CF9C232A25}.Release|Any CPU.ActiveCfg = Release|Any CPU
		{516EEC45-FD11-4779-9339-01CF9C232A25}.Release|Any CPU.Build.0 = Release|Any CPU
	EndGlobalSection
	GlobalSection(NestedProjects) = preSolution
		{775B3EE8-F1DA-4EF4-94B2-3C346A8D7B5A} = {5561165E-558F-4012-B3E1-E8F8445A8FED}
		{5817F111-3DFD-41BB-A470-99061111101E} = {775B3EE8-F1DA-4EF4-94B2-3C346A8D7B5A}
		{ED883801-C8F6-4F4E-9564-DCC715F7BB54} = {5CC7F2CB-D2BF-4B90-9AB9-490E3B556694}
		{8B151B46-2617-4032-A13B-75B042081DC0} = {ED883801-C8F6-4F4E-9564-DCC715F7BB54}
		{2369EE37-8178-4D8C-9E97-AE9BDFB2A95F} = {5CC7F2CB-D2BF-4B90-9AB9-490E3B556694}
		{AC039A8F-CE19-4E61-B74F-C1FA5CECB561} = {2369EE37-8178-4D8C-9E97-AE9BDFB2A95F}
		{516EEC45-FD11-4779-9339-01CF9C232A25} = {2369EE37-8178-4D8C-9E97-AE9BDFB2A95F}
	EndGlobalSection
EndGlobal
